
Microsoft Visual Studio Solution File, Format Version 12.00
# Visual Studio Version 17
VisualStudioVersion = 17.0.31903.59
MinimumVisualStudioVersion = 10.0.40219.1
Project("{2150E333-8FDC-42A3-9474-1A3956D46DE8}") = "shared", "shared", "{4F52FD11-658E-A102-6CD3-7D7C16FFA15B}"
EndProject
Project("{FAE04EC0-301F-11D3-BF4B-00C04F79EFBC}") = "Sellence.Shared.Models", "shared\Sellence.Shared.Models\Sellence.Shared.Models.csproj", "{0AA59EEF-9EA5-4BFB-B2A1-8EF25E850967}"
EndProject
Project("{FAE04EC0-301F-11D3-BF4B-00C04F79EFBC}") = "Sellence.Shared.Utilities", "shared\Sellence.Shared.Utilities\Sellence.Shared.Utilities.csproj", "{06AEB196-BA71-42DE-95EE-3ED18968D4A7}"
EndProject
Project("{FAE04EC0-301F-11D3-BF4B-00C04F79EFBC}") = "Sellence.Shared.Contracts", "shared\Sellence.Shared.Contracts\Sellence.Shared.Contracts.csproj", "{9B9EF41C-E760-456D-8CF8-75535C0A54BE}"
EndProject
Project("{2150E333-8FDC-42A3-9474-1A3956D46DE8}") = "data", "data", "{015FE221-96B2-289B-A0E8-6E7354784A75}"
EndProject
Project("{FAE04EC0-301F-11D3-BF4B-00C04F79EFBC}") = "Sellence.Data", "data\Sellence.Data\Sellence.Data.csproj", "{E879493C-B8F0-48DE-A4D5-4B22940C535E}"
EndProject
Project("{2150E333-8FDC-42A3-9474-1A3956D46DE8}") = "services", "services", "{5854FF58-B8C5-05C6-5BF2-ACE42193F22B}"
EndProject
Project("{2150E333-8FDC-42A3-9474-1A3956D46DE8}") = "admin", "admin", "{A72710A1-07F0-7F52-C5F6-F6B27ED7D27D}"
EndProject
Project("{FAE04EC0-301F-11D3-BF4B-00C04F79EFBC}") = "Sellence.Admin.Api", "services\admin\Sellence.Admin.Api\Sellence.Admin.Api.csproj", "{3DA02D37-435B-4B08-900E-F3BCABD99BFB}"
EndProject
Project("{FAE04EC0-301F-11D3-BF4B-00C04F79EFBC}") = "Sellence.Admin.CORS", "services\admin\Sellence.Admin.CORS\Sellence.Admin.CORS.csproj", "{62B1DB5E-8B6D-4355-88D2-D7414B777323}"
EndProject
Project("{FAE04EC0-301F-11D3-BF4B-00C04F79EFBC}") = "Sellence.Admin.Handlers", "services\admin\Sellence.Admin.Handlers\Sellence.Admin.Handlers.csproj", "{219D8B51-76A8-43EF-B6F2-5CCD92E5E7FC}"
EndProject
Project("{2150E333-8FDC-42A3-9474-1A3956D46DE8}") = "client", "client", "{347C760C-36C0-236D-636D-A1C84480C2C3}"
EndProject
Project("{FAE04EC0-301F-11D3-BF4B-00C04F79EFBC}") = "Sellence.Client.Api", "services\client\Sellence.Client.Api\Sellence.Client.Api.csproj", "{506A26BC-5363-4CDC-911A-53D8985F061C}"
EndProject
Project("{FAE04EC0-301F-11D3-BF4B-00C04F79EFBC}") = "Sellence.Client.CORS", "services\client\Sellence.Client.CORS\Sellence.Client.CORS.csproj", "{23F294ED-B798-44D8-80ED-00F6597CA677}"
EndProject
Project("{FAE04EC0-301F-11D3-BF4B-00C04F79EFBC}") = "Sellence.Client.Handlers", "services\client\Sellence.Client.Handlers\Sellence.Client.Handlers.csproj", "{FA845694-35C6-44FA-9792-14C74919D4ED}"
EndProject
Project("{2150E333-8FDC-42A3-9474-1A3956D46DE8}") = "frontend", "frontend", "{CE609670-85B9-0D16-FB54-ED063D5D8A6D}"
EndProject
Project("{FAE04EC0-301F-11D3-BF4B-00C04F79EFBC}") = "sellence-admin", "frontend\sellence-admin\sellence-admin.csproj", "{B558D1C7-4A5F-4505-8CF0-D102A4965061}"
EndProject
Project("{2150E333-8FDC-42A3-9474-1A3956D46DE8}") = "Solution Items", "Solution Items", "{8EC462FD-D22E-90A8-E5CE-7E832BA40C5D}"
	ProjectSection(SolutionItems) = preProject
		.editorconfig = .editorconfig
	EndProjectSection
EndProject
Global
	GlobalSection(SolutionConfigurationPlatforms) = preSolution
		Debug|Any CPU = Debug|Any CPU
		Debug|x64 = Debug|x64
		Debug|x86 = Debug|x86
		Release|Any CPU = Release|Any CPU
		Release|x64 = Release|x64
		Release|x86 = Release|x86
	EndGlobalSection
	GlobalSection(ProjectConfigurationPlatforms) = postSolution
		{0AA59EEF-9EA5-4BFB-B2A1-8EF25E850967}.Debug|Any CPU.ActiveCfg = Debug|Any CPU
		{0AA59EEF-9EA5-4BFB-B2A1-8EF25E850967}.Debug|Any CPU.Build.0 = Debug|Any CPU
		{0AA59EEF-9EA5-4BFB-B2A1-8EF25E850967}.Debug|x64.ActiveCfg = Debug|Any CPU
		{0AA59EEF-9EA5-4BFB-B2A1-8EF25E850967}.Debug|x64.Build.0 = Debug|Any CPU
		{0AA59EEF-9EA5-4BFB-B2A1-8EF25E850967}.Debug|x86.ActiveCfg = Debug|Any CPU
		{0AA59EEF-9EA5-4BFB-B2A1-8EF25E850967}.Debug|x86.Build.0 = Debug|Any CPU
		{0AA59EEF-9EA5-4BFB-B2A1-8EF25E850967}.Release|Any CPU.ActiveCfg = Release|Any CPU
		{0AA59EEF-9EA5-4BFB-B2A1-8EF25E850967}.Release|Any CPU.Build.0 = Release|Any CPU
		{0AA59EEF-9EA5-4BFB-B2A1-8EF25E850967}.Release|x64.ActiveCfg = Release|Any CPU
		{0AA59EEF-9EA5-4BFB-B2A1-8EF25E850967}.Release|x64.Build.0 = Release|Any CPU
		{0AA59EEF-9EA5-4BFB-B2A1-8EF25E850967}.Release|x86.ActiveCfg = Release|Any CPU
		{0AA59EEF-9EA5-4BFB-B2A1-8EF25E850967}.Release|x86.Build.0 = Release|Any CPU
		{06AEB196-BA71-42DE-95EE-3ED18968D4A7}.Debug|Any CPU.ActiveCfg = Debug|Any CPU
		{06AEB196-BA71-42DE-95EE-3ED18968D4A7}.Debug|Any CPU.Build.0 = Debug|Any CPU
		{06AEB196-BA71-42DE-95EE-3ED18968D4A7}.Debug|x64.ActiveCfg = Debug|Any CPU
		{06AEB196-BA71-42DE-95EE-3ED18968D4A7}.Debug|x64.Build.0 = Debug|Any CPU
		{06AEB196-BA71-42DE-95EE-3ED18968D4A7}.Debug|x86.ActiveCfg = Debug|Any CPU
		{06AEB196-BA71-42DE-95EE-3ED18968D4A7}.Debug|x86.Build.0 = Debug|Any CPU
		{06AEB196-BA71-42DE-95EE-3ED18968D4A7}.Release|Any CPU.ActiveCfg = Release|Any CPU
		{06AEB196-BA71-42DE-95EE-3ED18968D4A7}.Release|Any CPU.Build.0 = Release|Any CPU
		{06AEB196-BA71-42DE-95EE-3ED18968D4A7}.Release|x64.ActiveCfg = Release|Any CPU
		{06AEB196-BA71-42DE-95EE-3ED18968D4A7}.Release|x64.Build.0 = Release|Any CPU
		{06AEB196-BA71-42DE-95EE-3ED18968D4A7}.Release|x86.ActiveCfg = Release|Any CPU
		{06AEB196-BA71-42DE-95EE-3ED18968D4A7}.Release|x86.Build.0 = Release|Any CPU
		{9B9EF41C-E760-456D-8CF8-75535C0A54BE}.Debug|Any CPU.ActiveCfg = Debug|Any CPU
		{9B9EF41C-E760-456D-8CF8-75535C0A54BE}.Debug|Any CPU.Build.0 = Debug|Any CPU
		{9B9EF41C-E760-456D-8CF8-75535C0A54BE}.Debug|x64.ActiveCfg = Debug|Any CPU
		{9B9EF41C-E760-456D-8CF8-75535C0A54BE}.Debug|x64.Build.0 = Debug|Any CPU
		{9B9EF41C-E760-456D-8CF8-75535C0A54BE}.Debug|x86.ActiveCfg = Debug|Any CPU
		{9B9EF41C-E760-456D-8CF8-75535C0A54BE}.Debug|x86.Build.0 = Debug|Any CPU
		{9B9EF41C-E760-456D-8CF8-75535C0A54BE}.Release|Any CPU.ActiveCfg = Release|Any CPU
		{9B9EF41C-E760-456D-8CF8-75535C0A54BE}.Release|Any CPU.Build.0 = Release|Any CPU
		{9B9EF41C-E760-456D-8CF8-75535C0A54BE}.Release|x64.ActiveCfg = Release|Any CPU
		{9B9EF41C-E760-456D-8CF8-75535C0A54BE}.Release|x64.Build.0 = Release|Any CPU
		{9B9EF41C-E760-456D-8CF8-75535C0A54BE}.Release|x86.ActiveCfg = Release|Any CPU
		{9B9EF41C-E760-456D-8CF8-75535C0A54BE}.Release|x86.Build.0 = Release|Any CPU
		{E879493C-B8F0-48DE-A4D5-4B22940C535E}.Debug|Any CPU.ActiveCfg = Debug|Any CPU
		{E879493C-B8F0-48DE-A4D5-4B22940C535E}.Debug|Any CPU.Build.0 = Debug|Any CPU
		{E879493C-B8F0-48DE-A4D5-4B22940C535E}.Debug|x64.ActiveCfg = Debug|Any CPU
		{E879493C-B8F0-48DE-A4D5-4B22940C535E}.Debug|x64.Build.0 = Debug|Any CPU
		{E879493C-B8F0-48DE-A4D5-4B22940C535E}.Debug|x86.ActiveCfg = Debug|Any CPU
		{E879493C-B8F0-48DE-A4D5-4B22940C535E}.Debug|x86.Build.0 = Debug|Any CPU
		{E879493C-B8F0-48DE-A4D5-4B22940C535E}.Release|Any CPU.ActiveCfg = Release|Any CPU
		{E879493C-B8F0-48DE-A4D5-4B22940C535E}.Release|Any CPU.Build.0 = Release|Any CPU
		{E879493C-B8F0-48DE-A4D5-4B22940C535E}.Release|x64.ActiveCfg = Release|Any CPU
		{E879493C-B8F0-48DE-A4D5-4B22940C535E}.Release|x64.Build.0 = Release|Any CPU
		{E879493C-B8F0-48DE-A4D5-4B22940C535E}.Release|x86.ActiveCfg = Release|Any CPU
		{E879493C-B8F0-48DE-A4D5-4B22940C535E}.Release|x86.Build.0 = Release|Any CPU
		{3DA02D37-435B-4B08-900E-F3BCABD99BFB}.Debug|Any CPU.ActiveCfg = Debug|Any CPU
		{3DA02D37-435B-4B08-900E-F3BCABD99BFB}.Debug|Any CPU.Build.0 = Debug|Any CPU
		{3DA02D37-435B-4B08-900E-F3BCABD99BFB}.Debug|x64.ActiveCfg = Debug|Any CPU
		{3DA02D37-435B-4B08-900E-F3BCABD99BFB}.Debug|x64.Build.0 = Debug|Any CPU
		{3DA02D37-435B-4B08-900E-F3BCABD99BFB}.Debug|x86.ActiveCfg = Debug|Any CPU
		{3DA02D37-435B-4B08-900E-F3BCABD99BFB}.Debug|x86.Build.0 = Debug|Any CPU
		{3DA02D37-435B-4B08-900E-F3BCABD99BFB}.Release|Any CPU.ActiveCfg = Release|Any CPU
		{3DA02D37-435B-4B08-900E-F3BCABD99BFB}.Release|Any CPU.Build.0 = Release|Any CPU
		{3DA02D37-435B-4B08-900E-F3BCABD99BFB}.Release|x64.ActiveCfg = Release|Any CPU
		{3DA02D37-435B-4B08-900E-F3BCABD99BFB}.Release|x64.Build.0 = Release|Any CPU
		{3DA02D37-435B-4B08-900E-F3BCABD99BFB}.Release|x86.ActiveCfg = Release|Any CPU
		{3DA02D37-435B-4B08-900E-F3BCABD99BFB}.Release|x86.Build.0 = Release|Any CPU
		{62B1DB5E-8B6D-4355-88D2-D7414B777323}.Debug|Any CPU.ActiveCfg = Debug|Any CPU
		{62B1DB5E-8B6D-4355-88D2-D7414B777323}.Debug|Any CPU.Build.0 = Debug|Any CPU
		{62B1DB5E-8B6D-4355-88D2-D7414B777323}.Debug|x64.ActiveCfg = Debug|Any CPU
		{62B1DB5E-8B6D-4355-88D2-D7414B777323}.Debug|x64.Build.0 = Debug|Any CPU
		{62B1DB5E-8B6D-4355-88D2-D7414B777323}.Debug|x86.ActiveCfg = Debug|Any CPU
		{62B1DB5E-8B6D-4355-88D2-D7414B777323}.Debug|x86.Build.0 = Debug|Any CPU
		{62B1DB5E-8B6D-4355-88D2-D7414B777323}.Release|Any CPU.ActiveCfg = Release|Any CPU
		{62B1DB5E-8B6D-4355-88D2-D7414B777323}.Release|Any CPU.Build.0 = Release|Any CPU
		{62B1DB5E-8B6D-4355-88D2-D7414B777323}.Release|x64.ActiveCfg = Release|Any CPU
		{62B1DB5E-8B6D-4355-88D2-D7414B777323}.Release|x64.Build.0 = Release|Any CPU
		{62B1DB5E-8B6D-4355-88D2-D7414B777323}.Release|x86.ActiveCfg = Release|Any CPU
		{62B1DB5E-8B6D-4355-88D2-D7414B777323}.Release|x86.Build.0 = Release|Any CPU
		{219D8B51-76A8-43EF-B6F2-5CCD92E5E7FC}.Debug|Any CPU.ActiveCfg = Debug|Any CPU
		{219D8B51-76A8-43EF-B6F2-5CCD92E5E7FC}.Debug|Any CPU.Build.0 = Debug|Any CPU
		{219D8B51-76A8-43EF-B6F2-5CCD92E5E7FC}.Debug|x64.ActiveCfg = Debug|Any CPU
		{219D8B51-76A8-43EF-B6F2-5CCD92E5E7FC}.Debug|x64.Build.0 = Debug|Any CPU
		{219D8B51-76A8-43EF-B6F2-5CCD92E5E7FC}.Debug|x86.ActiveCfg = Debug|Any CPU
		{219D8B51-76A8-43EF-B6F2-5CCD92E5E7FC}.Debug|x86.Build.0 = Debug|Any CPU
		{219D8B51-76A8-43EF-B6F2-5CCD92E5E7FC}.Release|Any CPU.ActiveCfg = Release|Any CPU
		{219D8B51-76A8-43EF-B6F2-5CCD92E5E7FC}.Release|Any CPU.Build.0 = Release|Any CPU
		{219D8B51-76A8-43EF-B6F2-5CCD92E5E7FC}.Release|x64.ActiveCfg = Release|Any CPU
		{219D8B51-76A8-43EF-B6F2-5CCD92E5E7FC}.Release|x64.Build.0 = Release|Any CPU
		{219D8B51-76A8-43EF-B6F2-5CCD92E5E7FC}.Release|x86.ActiveCfg = Release|Any CPU
		{219D8B51-76A8-43EF-B6F2-5CCD92E5E7FC}.Release|x86.Build.0 = Release|Any CPU
		{506A26BC-5363-4CDC-911A-53D8985F061C}.Debug|Any CPU.ActiveCfg = Debug|Any CPU
		{506A26BC-5363-4CDC-911A-53D8985F061C}.Debug|Any CPU.Build.0 = Debug|Any CPU
		{506A26BC-5363-4CDC-911A-53D8985F061C}.Debug|x64.ActiveCfg = Debug|Any CPU
		{506A26BC-5363-4CDC-911A-53D8985F061C}.Debug|x64.Build.0 = Debug|Any CPU
		{506A26BC-5363-4CDC-911A-53D8985F061C}.Debug|x86.ActiveCfg = Debug|Any CPU
		{506A26BC-5363-4CDC-911A-53D8985F061C}.Debug|x86.Build.0 = Debug|Any CPU
		{506A26BC-5363-4CDC-911A-53D8985F061C}.Release|Any CPU.ActiveCfg = Release|Any CPU
		{506A26BC-5363-4CDC-911A-53D8985F061C}.Release|Any CPU.Build.0 = Release|Any CPU
		{506A26BC-5363-4CDC-911A-53D8985F061C}.Release|x64.ActiveCfg = Release|Any CPU
		{506A26BC-5363-4CDC-911A-53D8985F061C}.Release|x64.Build.0 = Release|Any CPU
		{506A26BC-5363-4CDC-911A-53D8985F061C}.Release|x86.ActiveCfg = Release|Any CPU
		{506A26BC-5363-4CDC-911A-53D8985F061C}.Release|x86.Build.0 = Release|Any CPU
		{23F294ED-B798-44D8-80ED-00F6597CA677}.Debug|Any CPU.ActiveCfg = Debug|Any CPU
		{23F294ED-B798-44D8-80ED-00F6597CA677}.Debug|Any CPU.Build.0 = Debug|Any CPU
		{23F294ED-B798-44D8-80ED-00F6597CA677}.Debug|x64.ActiveCfg = Debug|Any CPU
		{23F294ED-B798-44D8-80ED-00F6597CA677}.Debug|x64.Build.0 = Debug|Any CPU
		{23F294ED-B798-44D8-80ED-00F6597CA677}.Debug|x86.ActiveCfg = Debug|Any CPU
		{23F294ED-B798-44D8-80ED-00F6597CA677}.Debug|x86.Build.0 = Debug|Any CPU
		{23F294ED-B798-44D8-80ED-00F6597CA677}.Release|Any CPU.ActiveCfg = Release|Any CPU
		{23F294ED-B798-44D8-80ED-00F6597CA677}.Release|Any CPU.Build.0 = Release|Any CPU
		{23F294ED-B798-44D8-80ED-00F6597CA677}.Release|x64.ActiveCfg = Release|Any CPU
		{23F294ED-B798-44D8-80ED-00F6597CA677}.Release|x64.Build.0 = Release|Any CPU
		{23F294ED-B798-44D8-80ED-00F6597CA677}.Release|x86.ActiveCfg = Release|Any CPU
		{23F294ED-B798-44D8-80ED-00F6597CA677}.Release|x86.Build.0 = Release|Any CPU
		{FA845694-35C6-44FA-9792-14C74919D4ED}.Debug|Any CPU.ActiveCfg = Debug|Any CPU
		{FA845694-35C6-44FA-9792-14C74919D4ED}.Debug|Any CPU.Build.0 = Debug|Any CPU
		{FA845694-35C6-44FA-9792-14C74919D4ED}.Debug|x64.ActiveCfg = Debug|Any CPU
		{FA845694-35C6-44FA-9792-14C74919D4ED}.Debug|x64.Build.0 = Debug|Any CPU
		{FA845694-35C6-44FA-9792-14C74919D4ED}.Debug|x86.ActiveCfg = Debug|Any CPU
		{FA845694-35C6-44FA-9792-14C74919D4ED}.Debug|x86.Build.0 = Debug|Any CPU
		{FA845694-35C6-44FA-9792-14C74919D4ED}.Release|Any CPU.ActiveCfg = Release|Any CPU
		{FA845694-35C6-44FA-9792-14C74919D4ED}.Release|Any CPU.Build.0 = Release|Any CPU
		{FA845694-35C6-44FA-9792-14C74919D4ED}.Release|x64.ActiveCfg = Release|Any CPU
		{FA845694-35C6-44FA-9792-14C74919D4ED}.Release|x64.Build.0 = Release|Any CPU
		{FA845694-35C6-44FA-9792-14C74919D4ED}.Release|x86.ActiveCfg = Release|Any CPU
		{FA845694-35C6-44FA-9792-14C74919D4ED}.Release|x86.Build.0 = Release|Any CPU
		{B558D1C7-4A5F-4505-8CF0-D102A4965061}.Debug|Any CPU.ActiveCfg = Debug|Any CPU
		{B558D1C7-4A5F-4505-8CF0-D102A4965061}.Debug|Any CPU.Build.0 = Debug|Any CPU
		{B558D1C7-4A5F-4505-8CF0-D102A4965061}.Debug|x64.ActiveCfg = Debug|Any CPU
		{B558D1C7-4A5F-4505-8CF0-D102A4965061}.Debug|x64.Build.0 = Debug|Any CPU
		{B558D1C7-4A5F-4505-8CF0-D102A4965061}.Debug|x86.ActiveCfg = Debug|Any CPU
		{B558D1C7-4A5F-4505-8CF0-D102A4965061}.Debug|x86.Build.0 = Debug|Any CPU
		{B558D1C7-4A5F-4505-8CF0-D102A4965061}.Release|Any CPU.ActiveCfg = Release|Any CPU
		{B558D1C7-4A5F-4505-8CF0-D102A4965061}.Release|Any CPU.Build.0 = Release|Any CPU
		{B558D1C7-4A5F-4505-8CF0-D102A4965061}.Release|x64.ActiveCfg = Release|Any CPU
		{B558D1C7-4A5F-4505-8CF0-D102A4965061}.Release|x64.Build.0 = Release|Any CPU
		{B558D1C7-4A5F-4505-8CF0-D102A4965061}.Release|x86.ActiveCfg = Release|Any CPU
		{B558D1C7-4A5F-4505-8CF0-D102A4965061}.Release|x86.Build.0 = Release|Any CPU
	EndGlobalSection
	GlobalSection(SolutionProperties) = preSolution
		HideSolutionNode = FALSE
	EndGlobalSection
	GlobalSection(NestedProjects) = preSolution
		{0AA59EEF-9EA5-4BFB-B2A1-8EF25E850967} = {4F52FD11-658E-A102-6CD3-7D7C16FFA15B}
		{06AEB196-BA71-42DE-95EE-3ED18968D4A7} = {4F52FD11-658E-A102-6CD3-7D7C16FFA15B}
		{9B9EF41C-E760-456D-8CF8-75535C0A54BE} = {4F52FD11-658E-A102-6CD3-7D7C16FFA15B}
		{E879493C-B8F0-48DE-A4D5-4B22940C535E} = {015FE221-96B2-289B-A0E8-6E7354784A75}
		{A72710A1-07F0-7F52-C5F6-F6B27ED7D27D} = {5854FF58-B8C5-05C6-5BF2-ACE42193F22B}
		{3DA02D37-435B-4B08-900E-F3BCABD99BFB} = {A72710A1-07F0-7F52-C5F6-F6B27ED7D27D}
		{62B1DB5E-8B6D-4355-88D2-D7414B777323} = {A72710A1-07F0-7F52-C5F6-F6B27ED7D27D}
		{219D8B51-76A8-43EF-B6F2-5CCD92E5E7FC} = {A72710A1-07F0-7F52-C5F6-F6B27ED7D27D}
		{347C760C-36C0-236D-636D-A1C84480C2C3} = {5854FF58-B8C5-05C6-5BF2-ACE42193F22B}
		{506A26BC-5363-4CDC-911A-53D8985F061C} = {347C760C-36C0-236D-636D-A1C84480C2C3}
		{23F294ED-B798-44D8-80ED-00F6597CA677} = {347C760C-36C0-236D-636D-A1C84480C2C3}
		{FA845694-35C6-44FA-9792-14C74919D4ED} = {347C760C-36C0-236D-636D-A1C84480C2C3}
		{B558D1C7-4A5F-4505-8CF0-D102A4965061} = {CE609670-85B9-0D16-FB54-ED063D5D8A6D}
	EndGlobalSection
	GlobalSection(ExtensibilityGlobals) = postSolution
		SolutionGuid = {0A0ACF84-68FE-45AB-87DB-813F27C1C9DA}
	EndGlobalSection
EndGlobal
