Microsoft Visual Studio Solution File, Format Version 12.00
# Visual Studio Version 17
VisualStudioVersion = 17.5.2.0
MinimumVisualStudioVersion = 10.0.40219.1
Project("{FAE04EC0-301F-11D3-BF4B-00C04F79EFBC}") = "sellence-admin", "sellence-admin.csproj", "{55BD23B4-2882-3AD7-B2EB-DE1AAEBB756B}"
EndProject
Global
	GlobalSection(SolutionConfigurationPlatforms) = preSolution
		Debug|Any CPU = Debug|Any CPU
		Release|Any CPU = Release|Any CPU
	EndGlobalSection
	GlobalSection(ProjectConfigurationPlatforms) = postSolution
		{55BD23B4-2882-3AD7-B2EB-DE1AAEBB756B}.Debug|Any CPU.ActiveCfg = Debug|Any CPU
		{55BD23B4-2882-3AD7-B2EB-DE1AAEBB756B}.Debug|Any CPU.Build.0 = Debug|Any CPU
		{55BD23B4-2882-3AD7-B2EB-DE1AAEBB756B}.Release|Any CPU.ActiveCfg = Release|Any CPU
		{55BD23B4-2882-3AD7-B2EB-DE1AAEBB756B}.Release|Any CPU.Build.0 = Release|Any CPU
	EndGlobalSection
	GlobalSection(SolutionProperties) = preSolution
		HideSolutionNode = FALSE
	EndGlobalSection
	GlobalSection(ExtensibilityGlobals) = postSolution
		SolutionGuid = {CE94EB05-909D-48ED-9426-F20A64A94EDB}
	EndGlobalSection
EndGlobal
